
Microsoft Visual Studio Solution File, Format Version 12.00
# Visual Studio Version 17
VisualStudioVersion = 17.3.32901.215
MinimumVisualStudioVersion = 10.0.40219.1
Project("{FAE04EC0-301F-11D3-BF4B-00C04F79EFBC}") = "ssbumpToNormal", "ssbumpToNormal.csproj", "{6F364789-3C7E-4EA2-8094-5B554E933EFE}"
EndProject
Global
	GlobalSection(SolutionConfigurationPlatforms) = preSolution
		Debug|Any CPU = Debug|Any CPU
		Release|Any CPU = Release|Any CPU
	EndGlobalSection
	GlobalSection(ProjectConfigurationPlatforms) = postSolution
		{6F364789-3C7E-4EA2-8094-5B554E933EFE}.Debug|Any CPU.ActiveCfg = Debug|Any CPU
		{6F364789-3C7E-4EA2-8094-5B554E933EFE}.Debug|Any CPU.Build.0 = Debug|Any CPU
		{6F364789-3C7E-4EA2-8094-5B554E933EFE}.Release|Any CPU.ActiveCfg = Release|Any CPU
		{6F364789-3C7E-4EA2-8094-5B554E933EFE}.Release|Any CPU.Build.0 = Release|Any CPU
	EndGlobalSection
	GlobalSection(SolutionProperties) = preSolution
		HideSolutionNode = FALSE
	EndGlobalSection
	GlobalSection(ExtensibilityGlobals) = postSolution
		SolutionGuid = {FE48B7D9-7BB0-4056-B848-7E1CFE47CCC8}
	EndGlobalSection
EndGlobal
